
Microsoft Visual Studio Solution File, Format Version 12.00
# Visual Studio Version 16
VisualStudioVersion = 16.0.30621.155
MinimumVisualStudioVersion = 10.0.40219.1
Project("{8BC9CEB8-8B4A-11D0-8D11-00A0C91BC942}") = "Talisman", "Talisman\Talisman.vcxproj", "{705C2EA3-ABE9-4EAD-BF13-4C2986059E0B}"
EndProject
Project("{8BC9CEB8-8B4A-11D0-8D11-00A0C91BC942}") = "Servo", "Servo\Servo.vcxproj", "{07FF0024-1841-4225-824C-D38A846C0197}"
EndProject
Project("{8BC9CEB8-8B4A-11D0-8D11-00A0C91BC942}") = "Toolbelt", "Toolbelt\Toolbelt.vcxproj", "{5B76A24D-744A-492B-91E3-75E7F355C1A8}"
EndProject
Project("{8BC9CEB8-8B4A-11D0-8D11-00A0C91BC942}") = "Postie", "Postie\Postie.vcxproj", "{49911BAF-5E9A-4231-81DC-194C9509183D}"
EndProject
Project("{8BC9CEB8-8B4A-11D0-8D11-00A0C91BC942}") = "Gofer", "Gofer\Gofer.vcxproj", "{951D9B9E-8DDF-4DD7-A936-E348644B958E}"
EndProject
Project("{8BC9CEB8-8B4A-11D0-8D11-00A0C91BC942}") = "Falcon", "Falcon\Falcon.vcxproj", "{6E5021CD-1350-4F28-989C-0D1CAC63118B}"
EndProject
Global
	GlobalSection(SolutionConfigurationPlatforms) = preSolution
		Debug|x64 = Debug|x64
		Debug|x86 = Debug|x86
		Release|x64 = Release|x64
		Release|x86 = Release|x86
	EndGlobalSection
	GlobalSection(ProjectConfigurationPlatforms) = postSolution
		{705C2EA3-ABE9-4EAD-BF13-4C2986059E0B}.Debug|x64.ActiveCfg = Debug|x64
		{705C2EA3-ABE9-4EAD-BF13-4C2986059E0B}.Debug|x64.Build.0 = Debug|x64
		{705C2EA3-ABE9-4EAD-BF13-4C2986059E0B}.Debug|x86.ActiveCfg = Debug|Win32
		{705C2EA3-ABE9-4EAD-BF13-4C2986059E0B}.Debug|x86.Build.0 = Debug|Win32
		{705C2EA3-ABE9-4EAD-BF13-4C2986059E0B}.Release|x64.ActiveCfg = Release|x64
		{705C2EA3-ABE9-4EAD-BF13-4C2986059E0B}.Release|x64.Build.0 = Release|x64
		{705C2EA3-ABE9-4EAD-BF13-4C2986059E0B}.Release|x86.ActiveCfg = Release|Win32
		{705C2EA3-ABE9-4EAD-BF13-4C2986059E0B}.Release|x86.Build.0 = Release|Win32
		{07FF0024-1841-4225-824C-D38A846C0197}.Debug|x64.ActiveCfg = Debug|x64
		{07FF0024-1841-4225-824C-D38A846C0197}.Debug|x64.Build.0 = Debug|x64
		{07FF0024-1841-4225-824C-D38A846C0197}.Debug|x86.ActiveCfg = Debug|Win32
		{07FF0024-1841-4225-824C-D38A846C0197}.Debug|x86.Build.0 = Debug|Win32
		{07FF0024-1841-4225-824C-D38A846C0197}.Release|x64.ActiveCfg = Release|x64
		{07FF0024-1841-4225-824C-D38A846C0197}.Release|x64.Build.0 = Release|x64
		{07FF0024-1841-4225-824C-D38A846C0197}.Release|x86.ActiveCfg = Release|Win32
		{07FF0024-1841-4225-824C-D38A846C0197}.Release|x86.Build.0 = Release|Win32
		{5B76A24D-744A-492B-91E3-75E7F355C1A8}.Debug|x64.ActiveCfg = Debug|x64
		{5B76A24D-744A-492B-91E3-75E7F355C1A8}.Debug|x64.Build.0 = Debug|x64
		{5B76A24D-744A-492B-91E3-75E7F355C1A8}.Debug|x86.ActiveCfg = Debug|Win32
		{5B76A24D-744A-492B-91E3-75E7F355C1A8}.Debug|x86.Build.0 = Debug|Win32
		{5B76A24D-744A-492B-91E3-75E7F355C1A8}.Release|x64.ActiveCfg = Release|x64
		{5B76A24D-744A-492B-91E3-75E7F355C1A8}.Release|x64.Build.0 = Release|x64
		{5B76A24D-744A-492B-91E3-75E7F355C1A8}.Release|x86.ActiveCfg = Release|Win32
		{5B76A24D-744A-492B-91E3-75E7F355C1A8}.Release|x86.Build.0 = Release|Win32
		{49911BAF-5E9A-4231-81DC-194C9509183D}.Debug|x64.ActiveCfg = Debug|x64
		{49911BAF-5E9A-4231-81DC-194C9509183D}.Debug|x64.Build.0 = Debug|x64
		{49911BAF-5E9A-4231-81DC-194C9509183D}.Debug|x86.ActiveCfg = Debug|Win32
		{49911BAF-5E9A-4231-81DC-194C9509183D}.Debug|x86.Build.0 = Debug|Win32
		{49911BAF-5E9A-4231-81DC-194C9509183D}.Release|x64.ActiveCfg = Release|x64
		{49911BAF-5E9A-4231-81DC-194C9509183D}.Release|x64.Build.0 = Release|x64
		{49911BAF-5E9A-4231-81DC-194C9509183D}.Release|x86.ActiveCfg = Release|Win32
		{49911BAF-5E9A-4231-81DC-194C9509183D}.Release|x86.Build.0 = Release|Win32
		{951D9B9E-8DDF-4DD7-A936-E348644B958E}.Debug|x64.ActiveCfg = Debug|x64
		{951D9B9E-8DDF-4DD7-A936-E348644B958E}.Debug|x64.Build.0 = Debug|x64
		{951D9B9E-8DDF-4DD7-A936-E348644B958E}.Debug|x86.ActiveCfg = Debug|Win32
		{951D9B9E-8DDF-4DD7-A936-E348644B958E}.Debug|x86.Build.0 = Debug|Win32
		{951D9B9E-8DDF-4DD7-A936-E348644B958E}.Release|x64.ActiveCfg = Release|x64
		{951D9B9E-8DDF-4DD7-A936-E348644B958E}.Release|x64.Build.0 = Release|x64
		{951D9B9E-8DDF-4DD7-A936-E348644B958E}.Release|x86.ActiveCfg = Release|Win32
		{951D9B9E-8DDF-4DD7-A936-E348644B958E}.Release|x86.Build.0 = Release|Win32
		{6E5021CD-1350-4F28-989C-0D1CAC63118B}.Debug|x64.ActiveCfg = Debug|x64
		{6E5021CD-1350-4F28-989C-0D1CAC63118B}.Debug|x64.Build.0 = Debug|x64
		{6E5021CD-1350-4F28-989C-0D1CAC63118B}.Debug|x86.ActiveCfg = Debug|Win32
		{6E5021CD-1350-4F28-989C-0D1CAC63118B}.Debug|x86.Build.0 = Debug|Win32
		{6E5021CD-1350-4F28-989C-0D1CAC63118B}.Release|x64.ActiveCfg = Release|x64
		{6E5021CD-1350-4F28-989C-0D1CAC63118B}.Release|x64.Build.0 = Release|x64
		{6E5021CD-1350-4F28-989C-0D1CAC63118B}.Release|x86.ActiveCfg = Release|Win32
		{6E5021CD-1350-4F28-989C-0D1CAC63118B}.Release|x86.Build.0 = Release|Win32
	EndGlobalSection
	GlobalSection(SolutionProperties) = preSolution
		HideSolutionNode = FALSE
	EndGlobalSection
	GlobalSection(ExtensibilityGlobals) = postSolution
		SolutionGuid = {855DA8DC-0531-4A9C-A938-E5BE3A5A6012}
	EndGlobalSection
EndGlobal
